
Microsoft Visual Studio Solution File, Format Version 12.00
# Visual Studio Version 16
VisualStudioVersion = 16.0.30517.126
MinimumVisualStudioVersion = 10.0.40219.1
Project("{8BC9CEB8-8B4A-11D0-8D11-00A0C91BC942}") = "DreamEngine", "DreamEngine\DreamEngine.vcxproj", "{C53678BA-FBA5-4BEA-889F-46B846CC0A0E}"
EndProject
Project("{8BC9CEB8-8B4A-11D0-8D11-00A0C91BC942}") = "UnitTest", "UnitTest\UnitTest.vcxproj", "{13AC2338-1196-4CAD-A8D4-E5253C3D26E0}"
EndProject
Project("{8BC9CEB8-8B4A-11D0-8D11-00A0C91BC942}") = "DreamEngine.Common", "DreamEngine.Common\DreamEngine.Common.vcxproj", "{DD7F889F-3FFA-481E-A2A8-237AFB839168}"
EndProject
Project("{8BC9CEB8-8B4A-11D0-8D11-00A0C91BC942}") = "TestGame", "TestGame\TestGame.vcxproj", "{5A212C89-7019-4D54-8A3F-8243B5E8583C}"
EndProject
Project("{8BC9CEB8-8B4A-11D0-8D11-00A0C91BC942}") = "DreamEngine.Assets", "DreamEngine.Assets\DreamEngine.Assets.vcxproj", "{512CBA2A-52B3-4049-9A7A-1B9DF6F820C0}"
EndProject
Project("{8BC9CEB8-8B4A-11D0-8D11-00A0C91BC942}") = "Lua.Sources", "Lua.Sources\Lua.Sources.vcxproj", "{95BCED02-BF8C-4ED0-B06C-C97805949D7C}"
EndProject
Project("{8BC9CEB8-8B4A-11D0-8D11-00A0C91BC942}") = "Sol2.Sources", "Sol2.Sources\Sol2.Sources.vcxproj", "{EEDB903D-2BAD-4A88-9F28-7F9D8127854E}"
EndProject
Project("{8BC9CEB8-8B4A-11D0-8D11-00A0C91BC942}") = "Sol2.TestProject", "Sol2.TestProject\Sol2.TestProject.vcxproj", "{6DEE19A1-B805-4D99-AF5F-F08541815A7F}"
EndProject
Project("{8BC9CEB8-8B4A-11D0-8D11-00A0C91BC942}") = "ImGui.Sources", "ImGui.Sources\ImGui.Sources.vcxproj", "{788A7F63-A1DA-4C0F-855E-A471192C13BC}"
EndProject
Project("{8BC9CEB8-8B4A-11D0-8D11-00A0C91BC942}") = "DreamEngine.Editor", "DreamEngine.Editor\DreamEngine.Editor.vcxproj", "{496CEF75-6810-4145-AE01-AB4D64C2CB25}"
EndProject
Project("{8BC9CEB8-8B4A-11D0-8D11-00A0C91BC942}") = "DreamEngine.Graphics", "DreamEngine.Graphics\DreamEngine.Graphics.vcxproj", "{3209A8CE-D188-46AF-9826-3A7C5B05B1FF}"
EndProject
Project("{8BC9CEB8-8B4A-11D0-8D11-00A0C91BC942}") = "DreamEngine.Logger", "DreamEngine.Logger\DreamEngine.Logger.vcxproj", "{50F02372-482F-4F35-B8E5-37C7E41ABC50}"
EndProject
Project("{8BC9CEB8-8B4A-11D0-8D11-00A0C91BC942}") = "ImGui.NodeEditor", "ImGui.NodeEditor\ImGui.NodeEditor.vcxproj", "{E068EE80-0EE6-4EED-BFB5-AE7A6FF3743B}"
EndProject
Global
	GlobalSection(SolutionConfigurationPlatforms) = preSolution
		Debug|x64 = Debug|x64
		Debug|x86 = Debug|x86
		Release|x64 = Release|x64
		Release|x86 = Release|x86
	EndGlobalSection
	GlobalSection(ProjectConfigurationPlatforms) = postSolution
		{C53678BA-FBA5-4BEA-889F-46B846CC0A0E}.Debug|x64.ActiveCfg = Debug|x64
		{C53678BA-FBA5-4BEA-889F-46B846CC0A0E}.Debug|x64.Build.0 = Debug|x64
		{C53678BA-FBA5-4BEA-889F-46B846CC0A0E}.Debug|x86.ActiveCfg = Debug|Win32
		{C53678BA-FBA5-4BEA-889F-46B846CC0A0E}.Debug|x86.Build.0 = Debug|Win32
		{C53678BA-FBA5-4BEA-889F-46B846CC0A0E}.Release|x64.ActiveCfg = Release|x64
		{C53678BA-FBA5-4BEA-889F-46B846CC0A0E}.Release|x64.Build.0 = Release|x64
		{C53678BA-FBA5-4BEA-889F-46B846CC0A0E}.Release|x86.ActiveCfg = Release|Win32
		{C53678BA-FBA5-4BEA-889F-46B846CC0A0E}.Release|x86.Build.0 = Release|Win32
		{13AC2338-1196-4CAD-A8D4-E5253C3D26E0}.Debug|x64.ActiveCfg = Debug|x64
		{13AC2338-1196-4CAD-A8D4-E5253C3D26E0}.Debug|x64.Build.0 = Debug|x64
		{13AC2338-1196-4CAD-A8D4-E5253C3D26E0}.Debug|x86.ActiveCfg = Debug|Win32
		{13AC2338-1196-4CAD-A8D4-E5253C3D26E0}.Debug|x86.Build.0 = Debug|Win32
		{13AC2338-1196-4CAD-A8D4-E5253C3D26E0}.Release|x64.ActiveCfg = Release|x64
		{13AC2338-1196-4CAD-A8D4-E5253C3D26E0}.Release|x64.Build.0 = Release|x64
		{13AC2338-1196-4CAD-A8D4-E5253C3D26E0}.Release|x86.ActiveCfg = Release|Win32
		{13AC2338-1196-4CAD-A8D4-E5253C3D26E0}.Release|x86.Build.0 = Release|Win32
		{DD7F889F-3FFA-481E-A2A8-237AFB839168}.Debug|x64.ActiveCfg = Debug|x64
		{DD7F889F-3FFA-481E-A2A8-237AFB839168}.Debug|x64.Build.0 = Debug|x64
		{DD7F889F-3FFA-481E-A2A8-237AFB839168}.Debug|x86.ActiveCfg = Debug|Win32
		{DD7F889F-3FFA-481E-A2A8-237AFB839168}.Debug|x86.Build.0 = Debug|Win32
		{DD7F889F-3FFA-481E-A2A8-237AFB839168}.Release|x64.ActiveCfg = Release|x64
		{DD7F889F-3FFA-481E-A2A8-237AFB839168}.Release|x64.Build.0 = Release|x64
		{DD7F889F-3FFA-481E-A2A8-237AFB839168}.Release|x86.ActiveCfg = Release|Win32
		{DD7F889F-3FFA-481E-A2A8-237AFB839168}.Release|x86.Build.0 = Release|Win32
		{5A212C89-7019-4D54-8A3F-8243B5E8583C}.Debug|x64.ActiveCfg = Debug|x64
		{5A212C89-7019-4D54-8A3F-8243B5E8583C}.Debug|x64.Build.0 = Debug|x64
		{5A212C89-7019-4D54-8A3F-8243B5E8583C}.Debug|x86.ActiveCfg = Debug|Win32
		{5A212C89-7019-4D54-8A3F-8243B5E8583C}.Debug|x86.Build.0 = Debug|Win32
		{5A212C89-7019-4D54-8A3F-8243B5E8583C}.Release|x64.ActiveCfg = Release|x64
		{5A212C89-7019-4D54-8A3F-8243B5E8583C}.Release|x64.Build.0 = Release|x64
		{5A212C89-7019-4D54-8A3F-8243B5E8583C}.Release|x86.ActiveCfg = Release|Win32
		{5A212C89-7019-4D54-8A3F-8243B5E8583C}.Release|x86.Build.0 = Release|Win32
		{512CBA2A-52B3-4049-9A7A-1B9DF6F820C0}.Debug|x64.ActiveCfg = Debug|x64
		{512CBA2A-52B3-4049-9A7A-1B9DF6F820C0}.Debug|x64.Build.0 = Debug|x64
		{512CBA2A-52B3-4049-9A7A-1B9DF6F820C0}.Debug|x86.ActiveCfg = Debug|Win32
		{512CBA2A-52B3-4049-9A7A-1B9DF6F820C0}.Debug|x86.Build.0 = Debug|Win32
		{512CBA2A-52B3-4049-9A7A-1B9DF6F820C0}.Release|x64.ActiveCfg = Release|x64
		{512CBA2A-52B3-4049-9A7A-1B9DF6F820C0}.Release|x64.Build.0 = Release|x64
		{512CBA2A-52B3-4049-9A7A-1B9DF6F820C0}.Release|x86.ActiveCfg = Release|Win32
		{512CBA2A-52B3-4049-9A7A-1B9DF6F820C0}.Release|x86.Build.0 = Release|Win32
		{95BCED02-BF8C-4ED0-B06C-C97805949D7C}.Debug|x64.ActiveCfg = Debug|x64
		{95BCED02-BF8C-4ED0-B06C-C97805949D7C}.Debug|x64.Build.0 = Debug|x64
		{95BCED02-BF8C-4ED0-B06C-C97805949D7C}.Debug|x86.ActiveCfg = Debug|Win32
		{95BCED02-BF8C-4ED0-B06C-C97805949D7C}.Debug|x86.Build.0 = Debug|Win32
		{95BCED02-BF8C-4ED0-B06C-C97805949D7C}.Release|x64.ActiveCfg = Release|x64
		{95BCED02-BF8C-4ED0-B06C-C97805949D7C}.Release|x64.Build.0 = Release|x64
		{95BCED02-BF8C-4ED0-B06C-C97805949D7C}.Release|x86.ActiveCfg = Release|Win32
		{95BCED02-BF8C-4ED0-B06C-C97805949D7C}.Release|x86.Build.0 = Release|Win32
		{EEDB903D-2BAD-4A88-9F28-7F9D8127854E}.Debug|x64.ActiveCfg = Debug|x64
		{EEDB903D-2BAD-4A88-9F28-7F9D8127854E}.Debug|x64.Build.0 = Debug|x64
		{EEDB903D-2BAD-4A88-9F28-7F9D8127854E}.Debug|x86.ActiveCfg = Debug|Win32
		{EEDB903D-2BAD-4A88-9F28-7F9D8127854E}.Debug|x86.Build.0 = Debug|Win32
		{EEDB903D-2BAD-4A88-9F28-7F9D8127854E}.Release|x64.ActiveCfg = Release|x64
		{EEDB903D-2BAD-4A88-9F28-7F9D8127854E}.Release|x64.Build.0 = Release|x64
		{EEDB903D-2BAD-4A88-9F28-7F9D8127854E}.Release|x86.ActiveCfg = Release|Win32
		{EEDB903D-2BAD-4A88-9F28-7F9D8127854E}.Release|x86.Build.0 = Release|Win32
		{6DEE19A1-B805-4D99-AF5F-F08541815A7F}.Debug|x64.ActiveCfg = Debug|x64
		{6DEE19A1-B805-4D99-AF5F-F08541815A7F}.Debug|x64.Build.0 = Debug|x64
		{6DEE19A1-B805-4D99-AF5F-F08541815A7F}.Debug|x86.ActiveCfg = Debug|Win32
		{6DEE19A1-B805-4D99-AF5F-F08541815A7F}.Debug|x86.Build.0 = Debug|Win32
		{6DEE19A1-B805-4D99-AF5F-F08541815A7F}.Release|x64.ActiveCfg = Release|x64
		{6DEE19A1-B805-4D99-AF5F-F08541815A7F}.Release|x64.Build.0 = Release|x64
		{6DEE19A1-B805-4D99-AF5F-F08541815A7F}.Release|x86.ActiveCfg = Release|Win32
		{6DEE19A1-B805-4D99-AF5F-F08541815A7F}.Release|x86.Build.0 = Release|Win32
		{788A7F63-A1DA-4C0F-855E-A471192C13BC}.Debug|x64.ActiveCfg = Debug|x64
		{788A7F63-A1DA-4C0F-855E-A471192C13BC}.Debug|x64.Build.0 = Debug|x64
		{788A7F63-A1DA-4C0F-855E-A471192C13BC}.Debug|x86.ActiveCfg = Debug|Win32
		{788A7F63-A1DA-4C0F-855E-A471192C13BC}.Debug|x86.Build.0 = Debug|Win32
		{788A7F63-A1DA-4C0F-855E-A471192C13BC}.Release|x64.ActiveCfg = Release|x64
		{788A7F63-A1DA-4C0F-855E-A471192C13BC}.Release|x64.Build.0 = Release|x64
		{788A7F63-A1DA-4C0F-855E-A471192C13BC}.Release|x86.ActiveCfg = Release|Win32
		{788A7F63-A1DA-4C0F-855E-A471192C13BC}.Release|x86.Build.0 = Release|Win32
		{496CEF75-6810-4145-AE01-AB4D64C2CB25}.Debug|x64.ActiveCfg = Debug|x64
		{496CEF75-6810-4145-AE01-AB4D64C2CB25}.Debug|x64.Build.0 = Debug|x64
		{496CEF75-6810-4145-AE01-AB4D64C2CB25}.Debug|x86.ActiveCfg = Debug|Win32
		{496CEF75-6810-4145-AE01-AB4D64C2CB25}.Debug|x86.Build.0 = Debug|Win32
		{496CEF75-6810-4145-AE01-AB4D64C2CB25}.Release|x64.ActiveCfg = Release|x64
		{496CEF75-6810-4145-AE01-AB4D64C2CB25}.Release|x64.Build.0 = Release|x64
		{496CEF75-6810-4145-AE01-AB4D64C2CB25}.Release|x86.ActiveCfg = Release|Win32
		{496CEF75-6810-4145-AE01-AB4D64C2CB25}.Release|x86.Build.0 = Release|Win32
		{3209A8CE-D188-46AF-9826-3A7C5B05B1FF}.Debug|x64.ActiveCfg = Debug|x64
		{3209A8CE-D188-46AF-9826-3A7C5B05B1FF}.Debug|x64.Build.0 = Debug|x64
		{3209A8CE-D188-46AF-9826-3A7C5B05B1FF}.Debug|x86.ActiveCfg = Debug|Win32
		{3209A8CE-D188-46AF-9826-3A7C5B05B1FF}.Debug|x86.Build.0 = Debug|Win32
		{3209A8CE-D188-46AF-9826-3A7C5B05B1FF}.Release|x64.ActiveCfg = Release|x64
		{3209A8CE-D188-46AF-9826-3A7C5B05B1FF}.Release|x64.Build.0 = Release|x64
		{3209A8CE-D188-46AF-9826-3A7C5B05B1FF}.Release|x86.ActiveCfg = Release|Win32
		{3209A8CE-D188-46AF-9826-3A7C5B05B1FF}.Release|x86.Build.0 = Release|Win32
		{50F02372-482F-4F35-B8E5-37C7E41ABC50}.Debug|x64.ActiveCfg = Debug|x64
		{50F02372-482F-4F35-B8E5-37C7E41ABC50}.Debug|x64.Build.0 = Debug|x64
		{50F02372-482F-4F35-B8E5-37C7E41ABC50}.Debug|x86.ActiveCfg = Debug|Win32
		{50F02372-482F-4F35-B8E5-37C7E41ABC50}.Debug|x86.Build.0 = Debug|Win32
		{50F02372-482F-4F35-B8E5-37C7E41ABC50}.Release|x64.ActiveCfg = Release|x64
		{50F02372-482F-4F35-B8E5-37C7E41ABC50}.Release|x64.Build.0 = Release|x64
		{50F02372-482F-4F35-B8E5-37C7E41ABC50}.Release|x86.ActiveCfg = Release|Win32
		{50F02372-482F-4F35-B8E5-37C7E41ABC50}.Release|x86.Build.0 = Release|Win32
		{E068EE80-0EE6-4EED-BFB5-AE7A6FF3743B}.Debug|x64.ActiveCfg = Debug|x64
		{E068EE80-0EE6-4EED-BFB5-AE7A6FF3743B}.Debug|x64.Build.0 = Debug|x64
		{E068EE80-0EE6-4EED-BFB5-AE7A6FF3743B}.Debug|x86.ActiveCfg = Debug|Win32
		{E068EE80-0EE6-4EED-BFB5-AE7A6FF3743B}.Debug|x86.Build.0 = Debug|Win32
		{E068EE80-0EE6-4EED-BFB5-AE7A6FF3743B}.Release|x64.ActiveCfg = Release|x64
		{E068EE80-0EE6-4EED-BFB5-AE7A6FF3743B}.Release|x64.Build.0 = Release|x64
		{E068EE80-0EE6-4EED-BFB5-AE7A6FF3743B}.Release|x86.ActiveCfg = Release|Win32
		{E068EE80-0EE6-4EED-BFB5-AE7A6FF3743B}.Release|x86.Build.0 = Release|Win32
	EndGlobalSection
	GlobalSection(SolutionProperties) = preSolution
		HideSolutionNode = FALSE
	EndGlobalSection
	GlobalSection(ExtensibilityGlobals) = postSolution
		SolutionGuid = {6132D2BA-5172-4743-9ED9-21B56867EC83}
	EndGlobalSection
EndGlobal
