<?xml version="1.0" encoding="utf-8"?>
<Project ToolsVersion="4.0" xmlns="http://schemas.microsoft.com/developer/msbuild/2003">
  <ItemGroup>
    <FxCompile Include="Game\Shaders\Shader.fx" />
    <FxCompile Include="Game\Shaders\ShaderTextured.fx" />
  </ItemGroup>
  <ItemGroup>
    <ClCompile Include="main.cpp" />
    <ClCompile Include="Engine\Engine.cpp" />
    <ClCompile Include="Engine\Input\InputDevice.cpp" />
    <ClCompile Include="Engine\Input\Mouse.cpp" />
    <ClCompile Include="Engine\InGame\GameObject\Component\ActorComponent.cpp" />
    <ClCompile Include="Engine\InGame\GameObject\Component\SceneComponent.cpp" />
    <ClCompile Include="Engine\InGame\GameObject\Component\StaticModelComponent.cpp" />
    <ClCompile Include="Engine\InGame\GameObject\Actor.cpp" />
    <ClCompile Include="Engine\InGame\GameObject\GameObject.cpp" />
    <ClCompile Include="Engine\ErrorLogger\ErrorLogger.cpp" />
    <ClCompile Include="Engine\ErrorLogger\StringConverter.cpp" />
    <ClCompile Include="Game\KatamariGame.cpp" />
    <ClCompile Include="Game\KatamariSphere.cpp" />
    <ClCompile Include="Engine\InGame\GameComponent\Transform.cpp" />
    <ClCompile Include="Engine\Graphics\Model\MeshData.cpp" />
    <ClCompile Include="Engine\Graphics\Model\MeshObject.cpp" />
    <ClCompile Include="Engine\Graphics\Model\ModelData.cpp" />
    <ClCompile Include="Engine\Graphics\Shader\Shader.cpp" />
    <ClCompile Include="Engine\Graphics\Shader\Texture.cpp" />
    <ClCompile Include="Engine\Graphics\Shader\TexturedShader.cpp" />
    <ClCompile Include="Engine\Graphics\Graphics.cpp" />
    <ClCompile Include="Engine\Graphics\MeshRenderer.cpp" />
    <ClCompile Include="Engine\Graphics\Window.cpp" />
    <ClCompile Include="Engine\InGame\GameObject\SpectatorActor.cpp" />
    <ClCompile Include="Engine\InGame\GameObject\Component\CameraComponent.cpp" />
    <ClCompile Include="Engine\InGame\GameAssetManager\GameAssetManager.cpp" />
    <ClCompile Include="Engine\InGame\Game.cpp" />
    <ClCompile Include="Engine\Graphics\ImGui\imgui.cpp" />
    <ClCompile Include="Engine\Graphics\ImGui\imgui_draw.cpp" />
    <ClCompile Include="Engine\Graphics\ImGui\imgui_impl_dx11.cpp" />
    <ClCompile Include="Engine\Graphics\ImGui\imgui_impl_win32.cpp" />
    <ClCompile Include="Engine\Graphics\ImGui\imgui_widgets.cpp" />
    <ClCompile Include="Engine\JobSystem\JobSystem.cpp" />
    <ClCompile Include="Engine\EventDispatcher\EventDispatcher.cpp" />
  </ItemGroup>
  <ItemGroup>
    <ClInclude Include="Engine\Engine.h" />
    <ClInclude Include="Engine\Input\Mouse.h" />
    <ClInclude Include="Engine\Input\InputDevice.h" />
    <ClInclude Include="Engine\InGame\GameObject\Component\ActorComponent.h" />
    <ClInclude Include="Engine\InGame\GameObject\Component\SceneComponent.h" />
    <ClInclude Include="Engine\InGame\GameObject\Component\StaticModelComponent.h" />
    <ClInclude Include="Engine\InGame\GameObject\Actor.h" />
    <ClInclude Include="Engine\InGame\GameObject\GameObject.h" />
    <ClInclude Include="Engine\ErrorLogger\ErrorLogger.h" />
    <ClInclude Include="Engine\ErrorLogger\StringConverter.h" />
    <ClInclude Include="Game\KatamariGame.h" />
    <ClInclude Include="Game\KatamariSphere.h" />
    <ClInclude Include="Engine\EventDispatcher\EventDispatcher.h" />
    <ClInclude Include="Engine\InGame\GameComponent\Transform.h" />
    <ClInclude Include="Engine\Graphics\Model\MeshData.h" />
    <ClInclude Include="Engine\Graphics\Model\MeshObject.h" />
    <ClInclude Include="Engine\Graphics\Model\ModelData.h" />
    <ClInclude Include="Engine\Graphics\Shader\CameraBuffer.h" />
    <ClInclude Include="Engine\Graphics\Shader\ConstantBuffer.h" />
    <ClInclude Include="Engine\Graphics\Shader\LightBuffer.h" />
    <ClInclude Include="Engine\Graphics\Shader\Shader.h" />
    <ClInclude Include="Engine\Graphics\Shader\Texture.h" />
    <ClInclude Include="Engine\Graphics\Shader\TexturedShader.h" />
    <ClInclude Include="Engine\Graphics\Shader\Vertex.h" />
    <ClInclude Include="Engine\Graphics\Graphics.h" />
    <ClInclude Include="Engine\Graphics\MeshRenderer.h" />
    <ClInclude Include="Engine\Graphics\Window.h" />
    <ClInclude Include="Engine\Util\MathUtils.h" />
    <ClInclude Include="Engine\InGame\GameObject\SpectatorActor.h" />
    <ClInclude Include="Engine\InGame\GameObject\Component\CameraComponent.h" />
    <ClInclude Include="Engine\InGame\GameAssetManager\GameAssetManager.h" />
    <ClInclude Include="Engine\InGame\Game.h" />
    <ClInclude Include="Engine\Graphics\ImGui\imconfig.h" />
    <ClInclude Include="Engine\Graphics\ImGui\imgui.h" />
    <ClInclude Include="Engine\Graphics\ImGui\imgui_impl_dx11.h" />
    <ClInclude Include="Engine\Graphics\ImGui\imgui_impl_win32.h" />
    <ClInclude Include="Engine\Graphics\ImGui\imgui_internal.h" />
    <ClInclude Include="Engine\Graphics\ImGui\imstb_rectpack.h" />
    <ClInclude Include="Engine\Graphics\ImGui\imstb_textedit.h" />
    <ClInclude Include="Engine\Graphics\ImGui\imstb_truetype.h" />
    <ClInclude Include="Engine\JobSystem\JobSystem.h" />
    <ClInclude Include="Engine\JobSystem\JobContainer.h" />
    <ClInclude Include="Engine\EventDispatcher\EventListener.h" />
  </ItemGroup>
  <ItemGroup>
    <None Include="packages.config" />
  </ItemGroup>
</Project>