<?xml version="1.0" encoding="utf-8"?>
<Project ToolsVersion="4.0" xmlns="http://schemas.microsoft.com/developer/msbuild/2003">
  <ItemGroup>
    <Filter Include="Source Files">
      <UniqueIdentifier>{4FC737F1-C7A5-4376-A066-2A32D752A2FF}</UniqueIdentifier>
      <Extensions>cpp;c;cc;cxx;c++;cppm;ixx;def;odl;idl;hpj;bat;asm;asmx</Extensions>
    </Filter>
    <Filter Include="Header Files">
      <UniqueIdentifier>{93995380-89BD-4b04-88EB-625FBE52EBFB}</UniqueIdentifier>
      <Extensions>h;hh;hpp;hxx;h++;hm;inl;inc;ipp;xsd</Extensions>
    </Filter>
    <Filter Include="Resource Files">
      <UniqueIdentifier>{67DA6AB6-F800-4c08-8B7A-83BB121AAD01}</UniqueIdentifier>
      <Extensions>rc;ico;cur;bmp;dlg;rc2;rct;bin;rgs;gif;jpg;jpeg;jpe;resx;tiff;tif;png;wav;mfcribbon-ms</Extensions>
    </Filter>
    <Filter Include="Header Files\Actor">
      <UniqueIdentifier>{059045cd-014a-4462-be82-047b05be13b4}</UniqueIdentifier>
    </Filter>
    <Filter Include="Header Files\Actor\Component">
      <UniqueIdentifier>{9650ed46-5b75-4f81-a8c1-07e1329aeef8}</UniqueIdentifier>
    </Filter>
    <Filter Include="Source Files\Actor">
      <UniqueIdentifier>{329a5cf9-dfd4-41bf-8960-338c0afc993f}</UniqueIdentifier>
    </Filter>
    <Filter Include="Source Files\Actor\Component">
      <UniqueIdentifier>{07914cab-4c42-4d1c-901a-a5cc9c8fd2df}</UniqueIdentifier>
    </Filter>
    <Filter Include="Header Files\Param">
      <UniqueIdentifier>{dcdce1a6-6599-4157-8b7e-5a7589f685c6}</UniqueIdentifier>
    </Filter>
    <Filter Include="Source Files\Param">
      <UniqueIdentifier>{260827b3-83bc-4fe9-a8f8-b69972d9c2d5}</UniqueIdentifier>
    </Filter>
    <Filter Include="Header Files\Param\Inherited">
      <UniqueIdentifier>{208cdbcb-0745-4108-956f-b7d74ae81c37}</UniqueIdentifier>
    </Filter>
    <Filter Include="Source Files\Param\Inherited">
      <UniqueIdentifier>{4231ac89-3944-4542-9d90-ed1ecdde6681}</UniqueIdentifier>
    </Filter>
  </ItemGroup>
  <ItemGroup>
    <ClCompile Include="TransformInfo.cpp">
      <Filter>Source Files</Filter>
    </ClCompile>
    <ClCompile Include="SceneRoomInfo.cpp">
      <Filter>Source Files</Filter>
    </ClCompile>
    <ClCompile Include="ActorComponentFixedInfo.cpp">
      <Filter>Source Files\Actor\Component</Filter>
    </ClCompile>
    <ClCompile Include="ActorComponentInfo.cpp">
      <Filter>Source Files\Actor\Component</Filter>
    </ClCompile>
    <ClCompile Include="ActorComponentSceneInfo.cpp">
      <Filter>Source Files\Actor\Component</Filter>
    </ClCompile>
    <ClCompile Include="SceneActorInfo.cpp">
      <Filter>Source Files\Actor</Filter>
    </ClCompile>
    <ClCompile Include="ParamExtender.cpp">
      <Filter>Source Files\Param</Filter>
    </ClCompile>
    <ClCompile Include="Param.cpp">
      <Filter>Source Files\Param</Filter>
    </ClCompile>
    <ClCompile Include="ParamInt.cpp">
      <Filter>Source Files\Param\Inherited</Filter>
    </ClCompile>
    <ClCompile Include="ParamTransform.cpp">
      <Filter>Source Files\Param\Inherited</Filter>
    </ClCompile>
    <ClCompile Include="ParamAsset.cpp">
      <Filter>Source Files\Param\Inherited</Filter>
    </ClCompile>
    <ClCompile Include="ParamCreator.cpp">
      <Filter>Source Files</Filter>
    </ClCompile>
    <ClCompile Include="ParamFloat.cpp">
      <Filter>Source Files\Param\Inherited</Filter>
    </ClCompile>
    <ClCompile Include="ParamString.cpp">
      <Filter>Source Files\Param\Inherited</Filter>
    </ClCompile>
    <ClCompile Include="ParamBool.cpp">
      <Filter>Source Files\Param\Inherited</Filter>
    </ClCompile>
  </ItemGroup>
  <ItemGroup>
    <ClInclude Include="TransformInfo.h">
      <Filter>Header Files</Filter>
    </ClInclude>
    <ClInclude Include="SceneRoomInfo.h">
      <Filter>Header Files</Filter>
    </ClInclude>
    <ClInclude Include="ActorComponentFixedInfo.h">
      <Filter>Header Files\Actor\Component</Filter>
    </ClInclude>
    <ClInclude Include="ActorComponentInfo.h">
      <Filter>Header Files\Actor\Component</Filter>
    </ClInclude>
    <ClInclude Include="ActorComponentSceneInfo.h">
      <Filter>Header Files\Actor\Component</Filter>
    </ClInclude>
    <ClInclude Include="ActorComponentType.h">
      <Filter>Header Files\Actor\Component</Filter>
    </ClInclude>
    <ClInclude Include="ActorType.h">
      <Filter>Header Files\Actor</Filter>
    </ClInclude>
    <ClInclude Include="SceneActorInfo.h">
      <Filter>Header Files\Actor</Filter>
    </ClInclude>
    <ClInclude Include="ParamExtender.h">
      <Filter>Header Files\Param</Filter>
    </ClInclude>
    <ClInclude Include="Param.h">
      <Filter>Header Files\Param</Filter>
    </ClInclude>
    <ClInclude Include="ParamType.h">
      <Filter>Header Files\Param</Filter>
    </ClInclude>
    <ClInclude Include="ParamInt.h">
      <Filter>Header Files\Param\Inherited</Filter>
    </ClInclude>
    <ClInclude Include="ParamTransform.h">
      <Filter>Header Files\Param\Inherited</Filter>
    </ClInclude>
    <ClInclude Include="ParamAsset.h">
      <Filter>Header Files\Param\Inherited</Filter>
    </ClInclude>
    <ClInclude Include="AssetType.h">
      <Filter>Header Files</Filter>
    </ClInclude>
    <ClInclude Include="ParamCreator.h">
      <Filter>Header Files</Filter>
    </ClInclude>
    <ClInclude Include="ParamFloat.h">
      <Filter>Header Files\Param\Inherited</Filter>
    </ClInclude>
    <ClInclude Include="ParamString.h">
      <Filter>Header Files\Param\Inherited</Filter>
    </ClInclude>
    <ClInclude Include="ParamBool.h">
      <Filter>Header Files\Param\Inherited</Filter>
    </ClInclude>
  </ItemGroup>
  <ItemGroup>
    <None Include="packages.config" />
  </ItemGroup>
</Project>